// !$*UTF8*$!
{
	archiveVersion = 1;
	classes = {
	};
	objectVersion = 46;
	objects = {

/* Begin PBXBuildFile section */
		659410A21353A25700826837 /* UIKit.framework in Frameworks */ = {isa = PBXBuildFile; fileRef = 659410A11353A25700826837 /* UIKit.framework */; };
		659410A41353A25700826837 /* Foundation.framework in Frameworks */ = {isa = PBXBuildFile; fileRef = 659410A31353A25700826837 /* Foundation.framework */; };
		659410A61353A25700826837 /* CoreGraphics.framework in Frameworks */ = {isa = PBXBuildFile; fileRef = 659410A51353A25700826837 /* CoreGraphics.framework */; };
		659410AC1353A25700826837 /* InfoPlist.strings in Resources */ = {isa = PBXBuildFile; fileRef = 659410AA1353A25700826837 /* InfoPlist.strings */; };
		659410AF1353A25700826837 /* main.m in Sources */ = {isa = PBXBuildFile; fileRef = 659410AE1353A25700826837 /* main.m */; settings = {COMPILER_FLAGS = "-fno-objc-arc"; }; };
		659410B21353A25700826837 /* OAuthStarterKitAppDelegate.m in Sources */ = {isa = PBXBuildFile; fileRef = 659410B11353A25700826837 /* OAuthStarterKitAppDelegate.m */; settings = {COMPILER_FLAGS = "-fno-objc-arc"; }; };
		659410B51353A25700826837 /* MainWindow.xib in Resources */ = {isa = PBXBuildFile; fileRef = 659410B31353A25700826837 /* MainWindow.xib */; };
		659410BC1353A29200826837 /* READ_ME.txt in Resources */ = {isa = PBXBuildFile; fileRef = 659410BB1353A29200826837 /* READ_ME.txt */; };
		659410C01353A36600826837 /* ProfileTabView.xib in Resources */ = {isa = PBXBuildFile; fileRef = 659410BD1353A36600826837 /* ProfileTabView.xib */; };
		659410C11353A36600826837 /* ProfileTabView.m in Sources */ = {isa = PBXBuildFile; fileRef = 659410BE1353A36600826837 /* ProfileTabView.m */; };
		659410E41353A39900826837 /* OAuthLoginView.xib in Resources */ = {isa = PBXBuildFile; fileRef = 659410C21353A39900826837 /* OAuthLoginView.xib */; };
		659410E51353A39900826837 /* OAuthLoginView.m in Sources */ = {isa = PBXBuildFile; fileRef = 659410C31353A39900826837 /* OAuthLoginView.m */; settings = {COMPILER_FLAGS = "-fno-objc-arc"; }; };
		659410E61353A39900826837 /* OATokenManager.m in Sources */ = {isa = PBXBuildFile; fileRef = 659410C61353A39900826837 /* OATokenManager.m */; settings = {COMPILER_FLAGS = "-fno-objc-arc"; }; };
		659410E71353A39900826837 /* OAToken.m in Sources */ = {isa = PBXBuildFile; fileRef = 659410C81353A39900826837 /* OAToken.m */; settings = {COMPILER_FLAGS = "-fno-objc-arc"; }; };
		659410E81353A39900826837 /* OAServiceTicket.m in Sources */ = {isa = PBXBuildFile; fileRef = 659410CB1353A39900826837 /* OAServiceTicket.m */; settings = {COMPILER_FLAGS = "-fno-objc-arc"; }; };
		659410E91353A39900826837 /* OARequestParameter.m in Sources */ = {isa = PBXBuildFile; fileRef = 659410CD1353A39900826837 /* OARequestParameter.m */; settings = {COMPILER_FLAGS = "-fno-objc-arc"; }; };
		659410EA1353A39900826837 /* OAProblem.m in Sources */ = {isa = PBXBuildFile; fileRef = 659410CF1353A39900826837 /* OAProblem.m */; settings = {COMPILER_FLAGS = "-fno-objc-arc"; }; };
		659410EB1353A39900826837 /* OAPlaintextSignatureProvider.m in Sources */ = {isa = PBXBuildFile; fileRef = 659410D11353A39900826837 /* OAPlaintextSignatureProvider.m */; settings = {COMPILER_FLAGS = "-fno-objc-arc"; }; };
		659410EC1353A39900826837 /* OAMutableURLRequest.m in Sources */ = {isa = PBXBuildFile; fileRef = 659410D31353A39900826837 /* OAMutableURLRequest.m */; settings = {COMPILER_FLAGS = "-fno-objc-arc"; }; };
		659410ED1353A39900826837 /* OAHMAC_SHA1SignatureProvider.m in Sources */ = {isa = PBXBuildFile; fileRef = 659410D51353A39900826837 /* OAHMAC_SHA1SignatureProvider.m */; settings = {COMPILER_FLAGS = "-fno-objc-arc"; }; };
		659410EE1353A39900826837 /* OADataFetcher.m in Sources */ = {isa = PBXBuildFile; fileRef = 659410D71353A39900826837 /* OADataFetcher.m */; settings = {COMPILER_FLAGS = "-fno-objc-arc"; }; };
		659410EF1353A39900826837 /* OAConsumer.m in Sources */ = {isa = PBXBuildFile; fileRef = 659410D91353A39900826837 /* OAConsumer.m */; settings = {COMPILER_FLAGS = "-fno-objc-arc"; }; };
		659410F01353A39900826837 /* OACall.m in Sources */ = {isa = PBXBuildFile; fileRef = 659410DB1353A39900826837 /* OACall.m */; settings = {COMPILER_FLAGS = "-fno-objc-arc"; }; };
		659410F11353A39900826837 /* OAAttachment.m in Sources */ = {isa = PBXBuildFile; fileRef = 659410DD1353A39900826837 /* OAAttachment.m */; settings = {COMPILER_FLAGS = "-fno-objc-arc"; }; };
		659410F21353A39900826837 /* linkedInBluebutton.png in Resources */ = {isa = PBXBuildFile; fileRef = 659410E01353A39900826837 /* linkedInBluebutton.png */; };
		659410F31353A39900826837 /* linkedInBluebutton-highlight.png in Resources */ = {isa = PBXBuildFile; fileRef = 659410E11353A39900826837 /* linkedInBluebutton-highlight.png */; };
		659410F41353A39900826837 /* JSONKit.m in Sources */ = {isa = PBXBuildFile; fileRef = 659410E21353A39900826837 /* JSONKit.m */; settings = {COMPILER_FLAGS = "-fno-objc-arc"; }; };
		659411031353A41600826837 /* Base64Transcoder.c in Sources */ = {isa = PBXBuildFile; fileRef = 659410F61353A41600826837 /* Base64Transcoder.c */; };
		659411041353A41600826837 /* hmac.c in Sources */ = {isa = PBXBuildFile; fileRef = 659410F81353A41600826837 /* hmac.c */; };
		659411051353A41600826837 /* sha1.c in Sources */ = {isa = PBXBuildFile; fileRef = 659410FA1353A41600826837 /* sha1.c */; };
		659411061353A41600826837 /* NSMutableURLRequest+Parameters.m in Sources */ = {isa = PBXBuildFile; fileRef = 659410FE1353A41600826837 /* NSMutableURLRequest+Parameters.m */; settings = {COMPILER_FLAGS = "-fno-objc-arc"; }; };
		659411071353A41600826837 /* NSString+URLEncoding.m in Sources */ = {isa = PBXBuildFile; fileRef = 659411001353A41600826837 /* NSString+URLEncoding.m */; settings = {COMPILER_FLAGS = "-fno-objc-arc"; }; };
		659411081353A41600826837 /* NSURL+Base.m in Sources */ = {isa = PBXBuildFile; fileRef = 659411021353A41600826837 /* NSURL+Base.m */; settings = {COMPILER_FLAGS = "-fno-objc-arc"; }; };
		659411171353AE6800826837 /* Icon-72.png in Resources */ = {isa = PBXBuildFile; fileRef = 659411141353AE6800826837 /* Icon-72.png */; };
		659411181353AE6800826837 /* Icon.png in Resources */ = {isa = PBXBuildFile; fileRef = 659411151353AE6800826837 /* Icon.png */; };
		659411191353AE6800826837 /* Icon@2x.png in Resources */ = {isa = PBXBuildFile; fileRef = 659411161353AE6800826837 /* Icon@2x.png */; };
		91BC2145189380A400D75B4E /* AudioToolbox.framework in Frameworks */ = {isa = PBXBuildFile; fileRef = 91BC2144189380A400D75B4E /* AudioToolbox.framework */; };
		91BC2147189380AA00D75B4E /* CFNetwork.framework in Frameworks */ = {isa = PBXBuildFile; fileRef = 91BC2146189380AA00D75B4E /* CFNetwork.framework */; };
		91BC2149189380AF00D75B4E /* CoreLocation.framework in Frameworks */ = {isa = PBXBuildFile; fileRef = 91BC2148189380AF00D75B4E /* CoreLocation.framework */; };
		91BC214B189380B300D75B4E /* libz.dylib in Frameworks */ = {isa = PBXBuildFile; fileRef = 91BC214A189380B300D75B4E /* libz.dylib */; };
		91BC214D189380B800D75B4E /* MobileCoreServices.framework in Frameworks */ = {isa = PBXBuildFile; fileRef = 91BC214C189380B800D75B4E /* MobileCoreServices.framework */; };
		91BC214F189380BC00D75B4E /* QuartzCore.framework in Frameworks */ = {isa = PBXBuildFile; fileRef = 91BC214E189380BC00D75B4E /* QuartzCore.framework */; };
		91BC2151189380C000D75B4E /* Security.framework in Frameworks */ = {isa = PBXBuildFile; fileRef = 91BC2150189380C000D75B4E /* Security.framework */; };
		91BC2153189380C600D75B4E /* StoreKit.framework in Frameworks */ = {isa = PBXBuildFile; fileRef = 91BC2152189380C600D75B4E /* StoreKit.framework */; };
		91BC2155189380CA00D75B4E /* SystemConfiguration.framework in Frameworks */ = {isa = PBXBuildFile; fileRef = 91BC2154189380CA00D75B4E /* SystemConfiguration.framework */; };
		91BC215B1893812E00D75B4E /* BTIUser.m in Sources */ = {isa = PBXBuildFile; fileRef = 91BC21581893812E00D75B4E /* BTIUser.m */; };
		91BC215C1893812E00D75B4E /* BTIPresence.m in Sources */ = {isa = PBXBuildFile; fileRef = 91BC215A1893812E00D75B4E /* BTIPresence.m */; settings = {COMPILER_FLAGS = "-fno-objc-arc"; }; };
		D41A6923189356070050831B /* Default-568h@2x.png in Resources */ = {isa = PBXBuildFile; fileRef = D41A6922189356070050831B /* Default-568h@2x.png */; };
		D41A6926189367340050831B /* UIImage+Resize.m in Sources */ = {isa = PBXBuildFile; fileRef = D41A6925189367340050831B /* UIImage+Resize.m */; };
		D41A6928189371BC0050831B /* iPhoneStoryboard.storyboard in Resources */ = {isa = PBXBuildFile; fileRef = D41A6927189371BC0050831B /* iPhoneStoryboard.storyboard */; };
		D41A692B18937D8A0050831B /* ProfileCell.m in Sources */ = {isa = PBXBuildFile; fileRef = D41A692A18937D8A0050831B /* ProfileCell.m */; };
		D4A24DC11893AD260055FFFB /* AFHTTPClient.m in Sources */ = {isa = PBXBuildFile; fileRef = D4A24DAC1893AD260055FFFB /* AFHTTPClient.m */; settings = {COMPILER_FLAGS = "-fno-objc-arc"; }; };
		D4A24DC21893AD260055FFFB /* AFHTTPRequestOperation.m in Sources */ = {isa = PBXBuildFile; fileRef = D4A24DAE1893AD260055FFFB /* AFHTTPRequestOperation.m */; settings = {COMPILER_FLAGS = "-fno-objc-arc"; }; };
		D4A24DC31893AD260055FFFB /* AFImageCache.m in Sources */ = {isa = PBXBuildFile; fileRef = D4A24DB01893AD260055FFFB /* AFImageCache.m */; settings = {COMPILER_FLAGS = "-fno-objc-arc"; }; };
		D4A24DC41893AD260055FFFB /* AFImageRequestOperation.m in Sources */ = {isa = PBXBuildFile; fileRef = D4A24DB21893AD260055FFFB /* AFImageRequestOperation.m */; settings = {COMPILER_FLAGS = "-fno-objc-arc"; }; };
		D4A24DC51893AD260055FFFB /* AFJSONRequestOperation.m in Sources */ = {isa = PBXBuildFile; fileRef = D4A24DB41893AD260055FFFB /* AFJSONRequestOperation.m */; settings = {COMPILER_FLAGS = "-fno-objc-arc"; }; };
		D4A24DC61893AD260055FFFB /* AFNetworkActivityIndicatorManager.m in Sources */ = {isa = PBXBuildFile; fileRef = D4A24DB71893AD260055FFFB /* AFNetworkActivityIndicatorManager.m */; settings = {COMPILER_FLAGS = "-fno-objc-arc"; }; };
		D4A24DC71893AD260055FFFB /* AFPropertyListRequestOperation.m in Sources */ = {isa = PBXBuildFile; fileRef = D4A24DBA1893AD260055FFFB /* AFPropertyListRequestOperation.m */; settings = {COMPILER_FLAGS = "-fno-objc-arc"; }; };
		D4A24DC81893AD260055FFFB /* AFURLConnectionOperation.m in Sources */ = {isa = PBXBuildFile; fileRef = D4A24DBC1893AD260055FFFB /* AFURLConnectionOperation.m */; settings = {COMPILER_FLAGS = "-fno-objc-arc"; }; };
		D4A24DC91893AD260055FFFB /* AFXMLRequestOperation.m in Sources */ = {isa = PBXBuildFile; fileRef = D4A24DBE1893AD260055FFFB /* AFXMLRequestOperation.m */; settings = {COMPILER_FLAGS = "-fno-objc-arc"; }; };
		D4A24DCA1893AD260055FFFB /* UIImageView+AFNetworking.m in Sources */ = {isa = PBXBuildFile; fileRef = D4A24DC01893AD260055FFFB /* UIImageView+AFNetworking.m */; settings = {COMPILER_FLAGS = "-fno-objc-arc"; }; };
		D4AF0FA0189389F300E57C8A /* Parse.framework in Frameworks */ = {isa = PBXBuildFile; fileRef = D4AF0F9F189389F300E57C8A /* Parse.framework */; };
		D4AF0FBC18938CC700E57C8A /* home_background_image.png in Resources */ = {isa = PBXBuildFile; fileRef = D4AF0FA418938CC700E57C8A /* home_background_image.png */; };
		D4AF0FBD18938CC700E57C8A /* border_profile.png in Resources */ = {isa = PBXBuildFile; fileRef = D4AF0FA518938CC700E57C8A /* border_profile.png */; };
		D4AF0FBE18938CC700E57C8A /* join_not_pressed.png in Resources */ = {isa = PBXBuildFile; fileRef = D4AF0FA618938CC700E57C8A /* join_not_pressed.png */; };
		D4AF0FBF18938CC700E57C8A /* join_pressed.png in Resources */ = {isa = PBXBuildFile; fileRef = D4AF0FA718938CC700E57C8A /* join_pressed.png */; };
		D4AF0FC018938CC700E57C8A /* wifi_connect_bar.png in Resources */ = {isa = PBXBuildFile; fileRef = D4AF0FA818938CC700E57C8A /* wifi_connect_bar.png */; };
		D4AF0FC118938CC700E57C8A /* sign_in_backgroud_image.png in Resources */ = {isa = PBXBuildFile; fileRef = D4AF0FAA18938CC700E57C8A /* sign_in_backgroud_image.png */; };
		D4AF0FC218938CC700E57C8A /* image_button.png in Resources */ = {isa = PBXBuildFile; fileRef = D4AF0FAB18938CC700E57C8A /* image_button.png */; };
		D4AF0FC318938CC700E57C8A /* linked_in.png in Resources */ = {isa = PBXBuildFile; fileRef = D4AF0FAC18938CC700E57C8A /* linked_in.png */; };
		D4AF0FC418938CC700E57C8A /* linkedin_button.png in Resources */ = {isa = PBXBuildFile; fileRef = D4AF0FAD18938CC700E57C8A /* linkedin_button.png */; };
		D4AF0FC518938CC700E57C8A /* ok_button_not_pressed.png in Resources */ = {isa = PBXBuildFile; fileRef = D4AF0FAE18938CC700E57C8A /* ok_button_not_pressed.png */; };
		D4AF0FC618938CC700E57C8A /* ok_button_pressed.png in Resources */ = {isa = PBXBuildFile; fileRef = D4AF0FAF18938CC700E57C8A /* ok_button_pressed.png */; };
		D4AF0FC718938CC700E57C8A /* welcome_bar.png in Resources */ = {isa = PBXBuildFile; fileRef = D4AF0FB018938CC700E57C8A /* welcome_bar.png */; };
		D4AF0FC818938CC700E57C8A /* action_bar.png in Resources */ = {isa = PBXBuildFile; fileRef = D4AF0FB218938CC700E57C8A /* action_bar.png */; };
		D4AF0FC918938CC700E57C8A /* all_other_users.png in Resources */ = {isa = PBXBuildFile; fileRef = D4AF0FB318938CC700E57C8A /* all_other_users.png */; };
		D4AF0FCA18938CC700E57C8A /* background.png in Resources */ = {isa = PBXBuildFile; fileRef = D4AF0FB418938CC700E57C8A /* background.png */; };
		D4AF0FCB18938CC700E57C8A /* dividing_line.png in Resources */ = {isa = PBXBuildFile; fileRef = D4AF0FB518938CC700E57C8A /* dividing_line.png */; };
		D4AF0FCC18938CC700E57C8A /* similar_users.png in Resources */ = {isa = PBXBuildFile; fileRef = D4AF0FB618938CC700E57C8A /* similar_users.png */; };
		D4AF0FCD18938CC700E57C8A /* connect_icon.png in Resources */ = {isa = PBXBuildFile; fileRef = D4AF0FB718938CC700E57C8A /* connect_icon.png */; };
		D4AF0FCE18938CC700E57C8A /* connect_home.png in Resources */ = {isa = PBXBuildFile; fileRef = D4AF0FB918938CC700E57C8A /* connect_home.png */; };
		D4AF0FCF18938CC700E57C8A /* connect_list.png in Resources */ = {isa = PBXBuildFile; fileRef = D4AF0FBA18938CC700E57C8A /* connect_list.png */; };
		D4AF0FD018938CC700E57C8A /* connect_signin.png in Resources */ = {isa = PBXBuildFile; fileRef = D4AF0FBB18938CC700E57C8A /* connect_signin.png */; };
		D4BD204C1893ECC70024F02E /* MBProgressHUD.m in Sources */ = {isa = PBXBuildFile; fileRef = D4BD204B1893ECC70024F02E /* MBProgressHUD.m */; };
		D4BD204E189448690024F02E /* top_blank_bar.png in Resources */ = {isa = PBXBuildFile; fileRef = D4BD204D189448690024F02E /* top_blank_bar.png */; };
/* End PBXBuildFile section */

/* Begin PBXFileReference section */
		6594109D1353A25700826837 /* OAuthStarterKit.app */ = {isa = PBXFileReference; explicitFileType = wrapper.application; includeInIndex = 0; path = OAuthStarterKit.app; sourceTree = BUILT_PRODUCTS_DIR; };
		659410A11353A25700826837 /* UIKit.framework */ = {isa = PBXFileReference; lastKnownFileType = wrapper.framework; name = UIKit.framework; path = System/Library/Frameworks/UIKit.framework; sourceTree = SDKROOT; };
		659410A31353A25700826837 /* Foundation.framework */ = {isa = PBXFileReference; lastKnownFileType = wrapper.framework; name = Foundation.framework; path = System/Library/Frameworks/Foundation.framework; sourceTree = SDKROOT; };
		659410A51353A25700826837 /* CoreGraphics.framework */ = {isa = PBXFileReference; lastKnownFileType = wrapper.framework; name = CoreGraphics.framework; path = System/Library/Frameworks/CoreGraphics.framework; sourceTree = SDKROOT; };
		659410A91353A25700826837 /* OAuthStarterKit-Info.plist */ = {isa = PBXFileReference; lastKnownFileType = text.plist.xml; path = "OAuthStarterKit-Info.plist"; sourceTree = "<group>"; };
		659410AB1353A25700826837 /* en */ = {isa = PBXFileReference; lastKnownFileType = text.plist.strings; name = en; path = en.lproj/InfoPlist.strings; sourceTree = "<group>"; };
		659410AD1353A25700826837 /* OAuthStarterKit-Prefix.pch */ = {isa = PBXFileReference; lastKnownFileType = sourcecode.c.h; path = "OAuthStarterKit-Prefix.pch"; sourceTree = "<group>"; };
		659410AE1353A25700826837 /* main.m */ = {isa = PBXFileReference; lastKnownFileType = sourcecode.c.objc; path = main.m; sourceTree = "<group>"; };
		659410B01353A25700826837 /* OAuthStarterKitAppDelegate.h */ = {isa = PBXFileReference; lastKnownFileType = sourcecode.c.h; path = OAuthStarterKitAppDelegate.h; sourceTree = "<group>"; };
		659410B11353A25700826837 /* OAuthStarterKitAppDelegate.m */ = {isa = PBXFileReference; lastKnownFileType = sourcecode.c.objc; path = OAuthStarterKitAppDelegate.m; sourceTree = "<group>"; };
		659410B41353A25700826837 /* en */ = {isa = PBXFileReference; lastKnownFileType = file.xib; name = en; path = en.lproj/MainWindow.xib; sourceTree = "<group>"; };
		659410BB1353A29200826837 /* READ_ME.txt */ = {isa = PBXFileReference; fileEncoding = 4; lastKnownFileType = text; path = READ_ME.txt; sourceTree = "<group>"; };
		659410BD1353A36600826837 /* ProfileTabView.xib */ = {isa = PBXFileReference; fileEncoding = 4; lastKnownFileType = file.xib; path = ProfileTabView.xib; sourceTree = "<group>"; };
		659410BE1353A36600826837 /* ProfileTabView.m */ = {isa = PBXFileReference; fileEncoding = 4; lastKnownFileType = sourcecode.c.objc; path = ProfileTabView.m; sourceTree = "<group>"; };
		659410BF1353A36600826837 /* ProfileTabView.h */ = {isa = PBXFileReference; fileEncoding = 4; lastKnownFileType = sourcecode.c.h; path = ProfileTabView.h; sourceTree = "<group>"; };
		659410C21353A39900826837 /* OAuthLoginView.xib */ = {isa = PBXFileReference; fileEncoding = 4; lastKnownFileType = file.xib; path = OAuthLoginView.xib; sourceTree = "<group>"; };
		659410C31353A39900826837 /* OAuthLoginView.m */ = {isa = PBXFileReference; fileEncoding = 4; lastKnownFileType = sourcecode.c.objc; path = OAuthLoginView.m; sourceTree = "<group>"; };
		659410C41353A39900826837 /* OAuthLoginView.h */ = {isa = PBXFileReference; fileEncoding = 4; lastKnownFileType = sourcecode.c.h; path = OAuthLoginView.h; sourceTree = "<group>"; };
		659410C51353A39900826837 /* OAuthConsumer.h */ = {isa = PBXFileReference; fileEncoding = 4; lastKnownFileType = sourcecode.c.h; path = OAuthConsumer.h; sourceTree = "<group>"; };
		659410C61353A39900826837 /* OATokenManager.m */ = {isa = PBXFileReference; fileEncoding = 4; lastKnownFileType = sourcecode.c.objc; path = OATokenManager.m; sourceTree = "<group>"; };
		659410C71353A39900826837 /* OATokenManager.h */ = {isa = PBXFileReference; fileEncoding = 4; lastKnownFileType = sourcecode.c.h; path = OATokenManager.h; sourceTree = "<group>"; };
		659410C81353A39900826837 /* OAToken.m */ = {isa = PBXFileReference; fileEncoding = 4; lastKnownFileType = sourcecode.c.objc; path = OAToken.m; sourceTree = "<group>"; };
		659410C91353A39900826837 /* OAToken.h */ = {isa = PBXFileReference; fileEncoding = 4; lastKnownFileType = sourcecode.c.h; path = OAToken.h; sourceTree = "<group>"; };
		659410CA1353A39900826837 /* OASignatureProviding.h */ = {isa = PBXFileReference; fileEncoding = 4; lastKnownFileType = sourcecode.c.h; path = OASignatureProviding.h; sourceTree = "<group>"; };
		659410CB1353A39900826837 /* OAServiceTicket.m */ = {isa = PBXFileReference; fileEncoding = 4; lastKnownFileType = sourcecode.c.objc; path = OAServiceTicket.m; sourceTree = "<group>"; };
		659410CC1353A39900826837 /* OAServiceTicket.h */ = {isa = PBXFileReference; fileEncoding = 4; lastKnownFileType = sourcecode.c.h; path = OAServiceTicket.h; sourceTree = "<group>"; };
		659410CD1353A39900826837 /* OARequestParameter.m */ = {isa = PBXFileReference; fileEncoding = 4; lastKnownFileType = sourcecode.c.objc; path = OARequestParameter.m; sourceTree = "<group>"; };
		659410CE1353A39900826837 /* OARequestParameter.h */ = {isa = PBXFileReference; fileEncoding = 4; lastKnownFileType = sourcecode.c.h; path = OARequestParameter.h; sourceTree = "<group>"; };
		659410CF1353A39900826837 /* OAProblem.m */ = {isa = PBXFileReference; fileEncoding = 4; lastKnownFileType = sourcecode.c.objc; path = OAProblem.m; sourceTree = "<group>"; };
		659410D01353A39900826837 /* OAProblem.h */ = {isa = PBXFileReference; fileEncoding = 4; lastKnownFileType = sourcecode.c.h; path = OAProblem.h; sourceTree = "<group>"; };
		659410D11353A39900826837 /* OAPlaintextSignatureProvider.m */ = {isa = PBXFileReference; fileEncoding = 4; lastKnownFileType = sourcecode.c.objc; path = OAPlaintextSignatureProvider.m; sourceTree = "<group>"; };
		659410D21353A39900826837 /* OAPlaintextSignatureProvider.h */ = {isa = PBXFileReference; fileEncoding = 4; lastKnownFileType = sourcecode.c.h; path = OAPlaintextSignatureProvider.h; sourceTree = "<group>"; };
		659410D31353A39900826837 /* OAMutableURLRequest.m */ = {isa = PBXFileReference; fileEncoding = 4; lastKnownFileType = sourcecode.c.objc; path = OAMutableURLRequest.m; sourceTree = "<group>"; };
		659410D41353A39900826837 /* OAMutableURLRequest.h */ = {isa = PBXFileReference; fileEncoding = 4; lastKnownFileType = sourcecode.c.h; path = OAMutableURLRequest.h; sourceTree = "<group>"; };
		659410D51353A39900826837 /* OAHMAC_SHA1SignatureProvider.m */ = {isa = PBXFileReference; fileEncoding = 4; lastKnownFileType = sourcecode.c.objc; path = OAHMAC_SHA1SignatureProvider.m; sourceTree = "<group>"; };
		659410D61353A39900826837 /* OAHMAC_SHA1SignatureProvider.h */ = {isa = PBXFileReference; fileEncoding = 4; lastKnownFileType = sourcecode.c.h; path = OAHMAC_SHA1SignatureProvider.h; sourceTree = "<group>"; };
		659410D71353A39900826837 /* OADataFetcher.m */ = {isa = PBXFileReference; fileEncoding = 4; lastKnownFileType = sourcecode.c.objc; path = OADataFetcher.m; sourceTree = "<group>"; };
		659410D81353A39900826837 /* OADataFetcher.h */ = {isa = PBXFileReference; fileEncoding = 4; lastKnownFileType = sourcecode.c.h; path = OADataFetcher.h; sourceTree = "<group>"; };
		659410D91353A39900826837 /* OAConsumer.m */ = {isa = PBXFileReference; fileEncoding = 4; lastKnownFileType = sourcecode.c.objc; path = OAConsumer.m; sourceTree = "<group>"; };
		659410DA1353A39900826837 /* OAConsumer.h */ = {isa = PBXFileReference; fileEncoding = 4; lastKnownFileType = sourcecode.c.h; path = OAConsumer.h; sourceTree = "<group>"; };
		659410DB1353A39900826837 /* OACall.m */ = {isa = PBXFileReference; fileEncoding = 4; lastKnownFileType = sourcecode.c.objc; path = OACall.m; sourceTree = "<group>"; };
		659410DC1353A39900826837 /* OACall.h */ = {isa = PBXFileReference; fileEncoding = 4; lastKnownFileType = sourcecode.c.h; path = OACall.h; sourceTree = "<group>"; };
		659410DD1353A39900826837 /* OAAttachment.m */ = {isa = PBXFileReference; fileEncoding = 4; lastKnownFileType = sourcecode.c.objc; path = OAAttachment.m; sourceTree = "<group>"; };
		659410DE1353A39900826837 /* OAAttachment.h */ = {isa = PBXFileReference; fileEncoding = 4; lastKnownFileType = sourcecode.c.h; path = OAAttachment.h; sourceTree = "<group>"; };
		659410DF1353A39900826837 /* OAAtachmentF.h */ = {isa = PBXFileReference; fileEncoding = 4; lastKnownFileType = sourcecode.c.h; path = OAAtachmentF.h; sourceTree = "<group>"; };
		659410E01353A39900826837 /* linkedInBluebutton.png */ = {isa = PBXFileReference; lastKnownFileType = image.png; path = linkedInBluebutton.png; sourceTree = "<group>"; };
		659410E11353A39900826837 /* linkedInBluebutton-highlight.png */ = {isa = PBXFileReference; lastKnownFileType = image.png; path = "linkedInBluebutton-highlight.png"; sourceTree = "<group>"; };
		659410E21353A39900826837 /* JSONKit.m */ = {isa = PBXFileReference; fileEncoding = 4; lastKnownFileType = sourcecode.c.objc; path = JSONKit.m; sourceTree = "<group>"; };
		659410E31353A39900826837 /* JSONKit.h */ = {isa = PBXFileReference; fileEncoding = 4; lastKnownFileType = sourcecode.c.h; path = JSONKit.h; sourceTree = "<group>"; };
		659410F61353A41600826837 /* Base64Transcoder.c */ = {isa = PBXFileReference; fileEncoding = 4; lastKnownFileType = sourcecode.c.c; path = Base64Transcoder.c; sourceTree = "<group>"; };
		659410F71353A41600826837 /* Base64Transcoder.h */ = {isa = PBXFileReference; fileEncoding = 4; lastKnownFileType = sourcecode.c.h; path = Base64Transcoder.h; sourceTree = "<group>"; };
		659410F81353A41600826837 /* hmac.c */ = {isa = PBXFileReference; fileEncoding = 4; lastKnownFileType = sourcecode.c.c; path = hmac.c; sourceTree = "<group>"; };
		659410F91353A41600826837 /* hmac.h */ = {isa = PBXFileReference; fileEncoding = 4; lastKnownFileType = sourcecode.c.h; path = hmac.h; sourceTree = "<group>"; };
		659410FA1353A41600826837 /* sha1.c */ = {isa = PBXFileReference; fileEncoding = 4; lastKnownFileType = sourcecode.c.c; path = sha1.c; sourceTree = "<group>"; };
		659410FB1353A41600826837 /* sha1.h */ = {isa = PBXFileReference; fileEncoding = 4; lastKnownFileType = sourcecode.c.h; path = sha1.h; sourceTree = "<group>"; };
		659410FD1353A41600826837 /* NSMutableURLRequest+Parameters.h */ = {isa = PBXFileReference; fileEncoding = 4; lastKnownFileType = sourcecode.c.h; path = "NSMutableURLRequest+Parameters.h"; sourceTree = "<group>"; };
		659410FE1353A41600826837 /* NSMutableURLRequest+Parameters.m */ = {isa = PBXFileReference; fileEncoding = 4; lastKnownFileType = sourcecode.c.objc; path = "NSMutableURLRequest+Parameters.m"; sourceTree = "<group>"; };
		659410FF1353A41600826837 /* NSString+URLEncoding.h */ = {isa = PBXFileReference; fileEncoding = 4; lastKnownFileType = sourcecode.c.h; path = "NSString+URLEncoding.h"; sourceTree = "<group>"; };
		659411001353A41600826837 /* NSString+URLEncoding.m */ = {isa = PBXFileReference; fileEncoding = 4; lastKnownFileType = sourcecode.c.objc; path = "NSString+URLEncoding.m"; sourceTree = "<group>"; };
		659411011353A41600826837 /* NSURL+Base.h */ = {isa = PBXFileReference; fileEncoding = 4; lastKnownFileType = sourcecode.c.h; path = "NSURL+Base.h"; sourceTree = "<group>"; };
		659411021353A41600826837 /* NSURL+Base.m */ = {isa = PBXFileReference; fileEncoding = 4; lastKnownFileType = sourcecode.c.objc; path = "NSURL+Base.m"; sourceTree = "<group>"; };
		659411141353AE6800826837 /* Icon-72.png */ = {isa = PBXFileReference; lastKnownFileType = image.png; path = "Icon-72.png"; sourceTree = "<group>"; };
		659411151353AE6800826837 /* Icon.png */ = {isa = PBXFileReference; lastKnownFileType = image.png; path = Icon.png; sourceTree = "<group>"; };
		659411161353AE6800826837 /* Icon@2x.png */ = {isa = PBXFileReference; lastKnownFileType = image.png; path = "Icon@2x.png"; sourceTree = "<group>"; };
		91BC2144189380A400D75B4E /* AudioToolbox.framework */ = {isa = PBXFileReference; lastKnownFileType = wrapper.framework; name = AudioToolbox.framework; path = System/Library/Frameworks/AudioToolbox.framework; sourceTree = SDKROOT; };
		91BC2146189380AA00D75B4E /* CFNetwork.framework */ = {isa = PBXFileReference; lastKnownFileType = wrapper.framework; name = CFNetwork.framework; path = System/Library/Frameworks/CFNetwork.framework; sourceTree = SDKROOT; };
		91BC2148189380AF00D75B4E /* CoreLocation.framework */ = {isa = PBXFileReference; lastKnownFileType = wrapper.framework; name = CoreLocation.framework; path = System/Library/Frameworks/CoreLocation.framework; sourceTree = SDKROOT; };
		91BC214A189380B300D75B4E /* libz.dylib */ = {isa = PBXFileReference; lastKnownFileType = "compiled.mach-o.dylib"; name = libz.dylib; path = usr/lib/libz.dylib; sourceTree = SDKROOT; };
		91BC214C189380B800D75B4E /* MobileCoreServices.framework */ = {isa = PBXFileReference; lastKnownFileType = wrapper.framework; name = MobileCoreServices.framework; path = System/Library/Frameworks/MobileCoreServices.framework; sourceTree = SDKROOT; };
		91BC214E189380BC00D75B4E /* QuartzCore.framework */ = {isa = PBXFileReference; lastKnownFileType = wrapper.framework; name = QuartzCore.framework; path = System/Library/Frameworks/QuartzCore.framework; sourceTree = SDKROOT; };
		91BC2150189380C000D75B4E /* Security.framework */ = {isa = PBXFileReference; lastKnownFileType = wrapper.framework; name = Security.framework; path = System/Library/Frameworks/Security.framework; sourceTree = SDKROOT; };
		91BC2152189380C600D75B4E /* StoreKit.framework */ = {isa = PBXFileReference; lastKnownFileType = wrapper.framework; name = StoreKit.framework; path = System/Library/Frameworks/StoreKit.framework; sourceTree = SDKROOT; };
		91BC2154189380CA00D75B4E /* SystemConfiguration.framework */ = {isa = PBXFileReference; lastKnownFileType = wrapper.framework; name = SystemConfiguration.framework; path = System/Library/Frameworks/SystemConfiguration.framework; sourceTree = SDKROOT; };
		91BC21571893812E00D75B4E /* BTIUser.h */ = {isa = PBXFileReference; fileEncoding = 4; lastKnownFileType = sourcecode.c.h; path = BTIUser.h; sourceTree = "<group>"; };
		91BC21581893812E00D75B4E /* BTIUser.m */ = {isa = PBXFileReference; fileEncoding = 4; lastKnownFileType = sourcecode.c.objc; path = BTIUser.m; sourceTree = "<group>"; };
		91BC21591893812E00D75B4E /* BTIPresence.h */ = {isa = PBXFileReference; fileEncoding = 4; lastKnownFileType = sourcecode.c.h; path = BTIPresence.h; sourceTree = "<group>"; };
		91BC215A1893812E00D75B4E /* BTIPresence.m */ = {isa = PBXFileReference; fileEncoding = 4; lastKnownFileType = sourcecode.c.objc; path = BTIPresence.m; sourceTree = "<group>"; };
		D41A6922189356070050831B /* Default-568h@2x.png */ = {isa = PBXFileReference; lastKnownFileType = image.png; path = "Default-568h@2x.png"; sourceTree = "<group>"; };
		D41A6924189367340050831B /* UIImage+Resize.h */ = {isa = PBXFileReference; fileEncoding = 4; lastKnownFileType = sourcecode.c.h; path = "UIImage+Resize.h"; sourceTree = "<group>"; };
		D41A6925189367340050831B /* UIImage+Resize.m */ = {isa = PBXFileReference; fileEncoding = 4; lastKnownFileType = sourcecode.c.objc; path = "UIImage+Resize.m"; sourceTree = "<group>"; };
		D41A6927189371BC0050831B /* iPhoneStoryboard.storyboard */ = {isa = PBXFileReference; fileEncoding = 4; lastKnownFileType = file.storyboard; path = iPhoneStoryboard.storyboard; sourceTree = "<group>"; };
		D41A692918937D8A0050831B /* ProfileCell.h */ = {isa = PBXFileReference; fileEncoding = 4; lastKnownFileType = sourcecode.c.h; path = ProfileCell.h; sourceTree = "<group>"; };
		D41A692A18937D8A0050831B /* ProfileCell.m */ = {isa = PBXFileReference; fileEncoding = 4; lastKnownFileType = sourcecode.c.objc; path = ProfileCell.m; sourceTree = "<group>"; };
		D4A24DAB1893AD260055FFFB /* AFHTTPClient.h */ = {isa = PBXFileReference; fileEncoding = 4; lastKnownFileType = sourcecode.c.h; path = AFHTTPClient.h; sourceTree = "<group>"; };
		D4A24DAC1893AD260055FFFB /* AFHTTPClient.m */ = {isa = PBXFileReference; fileEncoding = 4; lastKnownFileType = sourcecode.c.objc; path = AFHTTPClient.m; sourceTree = "<group>"; };
		D4A24DAD1893AD260055FFFB /* AFHTTPRequestOperation.h */ = {isa = PBXFileReference; fileEncoding = 4; lastKnownFileType = sourcecode.c.h; path = AFHTTPRequestOperation.h; sourceTree = "<group>"; };
		D4A24DAE1893AD260055FFFB /* AFHTTPRequestOperation.m */ = {isa = PBXFileReference; fileEncoding = 4; lastKnownFileType = sourcecode.c.objc; path = AFHTTPRequestOperation.m; sourceTree = "<group>"; };
		D4A24DAF1893AD260055FFFB /* AFImageCache.h */ = {isa = PBXFileReference; fileEncoding = 4; lastKnownFileType = sourcecode.c.h; path = AFImageCache.h; sourceTree = "<group>"; };
		D4A24DB01893AD260055FFFB /* AFImageCache.m */ = {isa = PBXFileReference; fileEncoding = 4; lastKnownFileType = sourcecode.c.objc; path = AFImageCache.m; sourceTree = "<group>"; };
		D4A24DB11893AD260055FFFB /* AFImageRequestOperation.h */ = {isa = PBXFileReference; fileEncoding = 4; lastKnownFileType = sourcecode.c.h; path = AFImageRequestOperation.h; sourceTree = "<group>"; };
		D4A24DB21893AD260055FFFB /* AFImageRequestOperation.m */ = {isa = PBXFileReference; fileEncoding = 4; lastKnownFileType = sourcecode.c.objc; path = AFImageRequestOperation.m; sourceTree = "<group>"; };
		D4A24DB31893AD260055FFFB /* AFJSONRequestOperation.h */ = {isa = PBXFileReference; fileEncoding = 4; lastKnownFileType = sourcecode.c.h; path = AFJSONRequestOperation.h; sourceTree = "<group>"; };
		D4A24DB41893AD260055FFFB /* AFJSONRequestOperation.m */ = {isa = PBXFileReference; fileEncoding = 4; lastKnownFileType = sourcecode.c.objc; path = AFJSONRequestOperation.m; sourceTree = "<group>"; };
		D4A24DB51893AD260055FFFB /* AFJSONUtilities.h */ = {isa = PBXFileReference; fileEncoding = 4; lastKnownFileType = sourcecode.c.h; path = AFJSONUtilities.h; sourceTree = "<group>"; };
		D4A24DB61893AD260055FFFB /* AFNetworkActivityIndicatorManager.h */ = {isa = PBXFileReference; fileEncoding = 4; lastKnownFileType = sourcecode.c.h; path = AFNetworkActivityIndicatorManager.h; sourceTree = "<group>"; };
		D4A24DB71893AD260055FFFB /* AFNetworkActivityIndicatorManager.m */ = {isa = PBXFileReference; fileEncoding = 4; lastKnownFileType = sourcecode.c.objc; path = AFNetworkActivityIndicatorManager.m; sourceTree = "<group>"; };
		D4A24DB81893AD260055FFFB /* AFNetworking.h */ = {isa = PBXFileReference; fileEncoding = 4; lastKnownFileType = sourcecode.c.h; path = AFNetworking.h; sourceTree = "<group>"; };
		D4A24DB91893AD260055FFFB /* AFPropertyListRequestOperation.h */ = {isa = PBXFileReference; fileEncoding = 4; lastKnownFileType = sourcecode.c.h; path = AFPropertyListRequestOperation.h; sourceTree = "<group>"; };
		D4A24DBA1893AD260055FFFB /* AFPropertyListRequestOperation.m */ = {isa = PBXFileReference; fileEncoding = 4; lastKnownFileType = sourcecode.c.objc; path = AFPropertyListRequestOperation.m; sourceTree = "<group>"; };
		D4A24DBB1893AD260055FFFB /* AFURLConnectionOperation.h */ = {isa = PBXFileReference; fileEncoding = 4; lastKnownFileType = sourcecode.c.h; path = AFURLConnectionOperation.h; sourceTree = "<group>"; };
		D4A24DBC1893AD260055FFFB /* AFURLConnectionOperation.m */ = {isa = PBXFileReference; fileEncoding = 4; lastKnownFileType = sourcecode.c.objc; path = AFURLConnectionOperation.m; sourceTree = "<group>"; };
		D4A24DBD1893AD260055FFFB /* AFXMLRequestOperation.h */ = {isa = PBXFileReference; fileEncoding = 4; lastKnownFileType = sourcecode.c.h; path = AFXMLRequestOperation.h; sourceTree = "<group>"; };
		D4A24DBE1893AD260055FFFB /* AFXMLRequestOperation.m */ = {isa = PBXFileReference; fileEncoding = 4; lastKnownFileType = sourcecode.c.objc; path = AFXMLRequestOperation.m; sourceTree = "<group>"; };
		D4A24DBF1893AD260055FFFB /* UIImageView+AFNetworking.h */ = {isa = PBXFileReference; fileEncoding = 4; lastKnownFileType = sourcecode.c.h; path = "UIImageView+AFNetworking.h"; sourceTree = "<group>"; };
		D4A24DC01893AD260055FFFB /* UIImageView+AFNetworking.m */ = {isa = PBXFileReference; fileEncoding = 4; lastKnownFileType = sourcecode.c.objc; path = "UIImageView+AFNetworking.m"; sourceTree = "<group>"; };
		D4AF0F9F189389F300E57C8A /* Parse.framework */ = {isa = PBXFileReference; lastKnownFileType = wrapper.framework; path = Parse.framework; sourceTree = "<group>"; };
		D4AF0FA418938CC700E57C8A /* home_background_image.png */ = {isa = PBXFileReference; lastKnownFileType = image.png; path = home_background_image.png; sourceTree = "<group>"; };
		D4AF0FA518938CC700E57C8A /* border_profile.png */ = {isa = PBXFileReference; lastKnownFileType = image.png; path = border_profile.png; sourceTree = "<group>"; };
		D4AF0FA618938CC700E57C8A /* join_not_pressed.png */ = {isa = PBXFileReference; lastKnownFileType = image.png; path = join_not_pressed.png; sourceTree = "<group>"; };
		D4AF0FA718938CC700E57C8A /* join_pressed.png */ = {isa = PBXFileReference; lastKnownFileType = image.png; path = join_pressed.png; sourceTree = "<group>"; };
		D4AF0FA818938CC700E57C8A /* wifi_connect_bar.png */ = {isa = PBXFileReference; lastKnownFileType = image.png; path = wifi_connect_bar.png; sourceTree = "<group>"; };
		D4AF0FAA18938CC700E57C8A /* sign_in_backgroud_image.png */ = {isa = PBXFileReference; lastKnownFileType = image.png; path = sign_in_backgroud_image.png; sourceTree = "<group>"; };
		D4AF0FAB18938CC700E57C8A /* image_button.png */ = {isa = PBXFileReference; lastKnownFileType = image.png; path = image_button.png; sourceTree = "<group>"; };
		D4AF0FAC18938CC700E57C8A /* linked_in.png */ = {isa = PBXFileReference; lastKnownFileType = image.png; path = linked_in.png; sourceTree = "<group>"; };
		D4AF0FAD18938CC700E57C8A /* linkedin_button.png */ = {isa = PBXFileReference; lastKnownFileType = image.png; path = linkedin_button.png; sourceTree = "<group>"; };
		D4AF0FAE18938CC700E57C8A /* ok_button_not_pressed.png */ = {isa = PBXFileReference; lastKnownFileType = image.png; path = ok_button_not_pressed.png; sourceTree = "<group>"; };
		D4AF0FAF18938CC700E57C8A /* ok_button_pressed.png */ = {isa = PBXFileReference; lastKnownFileType = image.png; path = ok_button_pressed.png; sourceTree = "<group>"; };
		D4AF0FB018938CC700E57C8A /* welcome_bar.png */ = {isa = PBXFileReference; lastKnownFileType = image.png; path = welcome_bar.png; sourceTree = "<group>"; };
		D4AF0FB218938CC700E57C8A /* action_bar.png */ = {isa = PBXFileReference; lastKnownFileType = image.png; path = action_bar.png; sourceTree = "<group>"; };
		D4AF0FB318938CC700E57C8A /* all_other_users.png */ = {isa = PBXFileReference; lastKnownFileType = image.png; path = all_other_users.png; sourceTree = "<group>"; };
		D4AF0FB418938CC700E57C8A /* background.png */ = {isa = PBXFileReference; lastKnownFileType = image.png; path = background.png; sourceTree = "<group>"; };
		D4AF0FB518938CC700E57C8A /* dividing_line.png */ = {isa = PBXFileReference; lastKnownFileType = image.png; path = dividing_line.png; sourceTree = "<group>"; };
		D4AF0FB618938CC700E57C8A /* similar_users.png */ = {isa = PBXFileReference; lastKnownFileType = image.png; path = similar_users.png; sourceTree = "<group>"; };
		D4AF0FB718938CC700E57C8A /* connect_icon.png */ = {isa = PBXFileReference; lastKnownFileType = image.png; path = connect_icon.png; sourceTree = "<group>"; };
		D4AF0FB918938CC700E57C8A /* connect_home.png */ = {isa = PBXFileReference; lastKnownFileType = image.png; path = connect_home.png; sourceTree = "<group>"; };
		D4AF0FBA18938CC700E57C8A /* connect_list.png */ = {isa = PBXFileReference; lastKnownFileType = image.png; path = connect_list.png; sourceTree = "<group>"; };
		D4AF0FBB18938CC700E57C8A /* connect_signin.png */ = {isa = PBXFileReference; lastKnownFileType = image.png; path = connect_signin.png; sourceTree = "<group>"; };
		D4BD204A1893ECC70024F02E /* MBProgressHUD.h */ = {isa = PBXFileReference; fileEncoding = 4; lastKnownFileType = sourcecode.c.h; path = MBProgressHUD.h; sourceTree = "<group>"; };
		D4BD204B1893ECC70024F02E /* MBProgressHUD.m */ = {isa = PBXFileReference; fileEncoding = 4; lastKnownFileType = sourcecode.c.objc; path = MBProgressHUD.m; sourceTree = "<group>"; };
		D4BD204D189448690024F02E /* top_blank_bar.png */ = {isa = PBXFileReference; lastKnownFileType = image.png; path = top_blank_bar.png; sourceTree = "<group>"; };
/* End PBXFileReference section */

/* Begin PBXFrameworksBuildPhase section */
		6594109A1353A25700826837 /* Frameworks */ = {
			isa = PBXFrameworksBuildPhase;
			buildActionMask = 2147483647;
			files = (
				91BC2155189380CA00D75B4E /* SystemConfiguration.framework in Frameworks */,
				91BC2153189380C600D75B4E /* StoreKit.framework in Frameworks */,
				91BC2151189380C000D75B4E /* Security.framework in Frameworks */,
				91BC214F189380BC00D75B4E /* QuartzCore.framework in Frameworks */,
				91BC214D189380B800D75B4E /* MobileCoreServices.framework in Frameworks */,
				91BC214B189380B300D75B4E /* libz.dylib in Frameworks */,
				D4AF0FA0189389F300E57C8A /* Parse.framework in Frameworks */,
				91BC2149189380AF00D75B4E /* CoreLocation.framework in Frameworks */,
				91BC2147189380AA00D75B4E /* CFNetwork.framework in Frameworks */,
				91BC2145189380A400D75B4E /* AudioToolbox.framework in Frameworks */,
				659410A21353A25700826837 /* UIKit.framework in Frameworks */,
				659410A41353A25700826837 /* Foundation.framework in Frameworks */,
				659410A61353A25700826837 /* CoreGraphics.framework in Frameworks */,
			);
			runOnlyForDeploymentPostprocessing = 0;
		};
/* End PBXFrameworksBuildPhase section */

/* Begin PBXGroup section */
		659410921353A25700826837 = {
			isa = PBXGroup;
			children = (
				D41A6922189356070050831B /* Default-568h@2x.png */,
				659410A71353A25700826837 /* OAuthStarterKit */,
				659410A01353A25700826837 /* Frameworks */,
				6594109E1353A25700826837 /* Products */,
			);
			sourceTree = "<group>";
		};
		6594109E1353A25700826837 /* Products */ = {
			isa = PBXGroup;
			children = (
				6594109D1353A25700826837 /* OAuthStarterKit.app */,
			);
			name = Products;
			sourceTree = "<group>";
		};
		659410A01353A25700826837 /* Frameworks */ = {
			isa = PBXGroup;
			children = (
				D4AF0F9F189389F300E57C8A /* Parse.framework */,
				91BC2154189380CA00D75B4E /* SystemConfiguration.framework */,
				91BC2152189380C600D75B4E /* StoreKit.framework */,
				91BC2150189380C000D75B4E /* Security.framework */,
				91BC214E189380BC00D75B4E /* QuartzCore.framework */,
				91BC214C189380B800D75B4E /* MobileCoreServices.framework */,
				91BC214A189380B300D75B4E /* libz.dylib */,
				91BC2148189380AF00D75B4E /* CoreLocation.framework */,
				91BC2146189380AA00D75B4E /* CFNetwork.framework */,
				91BC2144189380A400D75B4E /* AudioToolbox.framework */,
				659410A11353A25700826837 /* UIKit.framework */,
				659410A31353A25700826837 /* Foundation.framework */,
				659410A51353A25700826837 /* CoreGraphics.framework */,
			);
			name = Frameworks;
			sourceTree = "<group>";
		};
		659410A71353A25700826837 /* OAuthStarterKit */ = {
			isa = PBXGroup;
			children = (
				D4A24DAA1893AD260055FFFB /* AFNetworking */,
				D4AF0FA118938CC700E57C8A /* raw_assets */,
				91BC21561893810D00D75B4E /* Data Model */,
				659410BB1353A29200826837 /* READ_ME.txt */,
				659411111353A61B00826837 /* Views */,
				659411131353A64A00826837 /* JSON */,
				659411121353A63E00826837 /* OAuth */,
				659410F51353A41600826837 /* Crytpo */,
				659410FC1353A41600826837 /* Categories */,
				659410B01353A25700826837 /* OAuthStarterKitAppDelegate.h */,
				659410B11353A25700826837 /* OAuthStarterKitAppDelegate.m */,
				659410B31353A25700826837 /* MainWindow.xib */,
				659410A81353A25700826837 /* Supporting Files */,
			);
			path = OAuthStarterKit;
			sourceTree = "<group>";
		};
		659410A81353A25700826837 /* Supporting Files */ = {
			isa = PBXGroup;
			children = (
				659411141353AE6800826837 /* Icon-72.png */,
				659411151353AE6800826837 /* Icon.png */,
				659411161353AE6800826837 /* Icon@2x.png */,
				659410A91353A25700826837 /* OAuthStarterKit-Info.plist */,
				659410AA1353A25700826837 /* InfoPlist.strings */,
				659410AD1353A25700826837 /* OAuthStarterKit-Prefix.pch */,
				659410AE1353A25700826837 /* main.m */,
			);
			name = "Supporting Files";
			sourceTree = "<group>";
		};
		659410F51353A41600826837 /* Crytpo */ = {
			isa = PBXGroup;
			children = (
				659410F61353A41600826837 /* Base64Transcoder.c */,
				659410F71353A41600826837 /* Base64Transcoder.h */,
				659410F81353A41600826837 /* hmac.c */,
				659410F91353A41600826837 /* hmac.h */,
				659410FA1353A41600826837 /* sha1.c */,
				659410FB1353A41600826837 /* sha1.h */,
			);
			name = Crytpo;
			path = ../Crytpo;
			sourceTree = "<group>";
		};
		659410FC1353A41600826837 /* Categories */ = {
			isa = PBXGroup;
			children = (
				659410FD1353A41600826837 /* NSMutableURLRequest+Parameters.h */,
				659410FE1353A41600826837 /* NSMutableURLRequest+Parameters.m */,
				659410FF1353A41600826837 /* NSString+URLEncoding.h */,
				659411001353A41600826837 /* NSString+URLEncoding.m */,
				659411011353A41600826837 /* NSURL+Base.h */,
				659411021353A41600826837 /* NSURL+Base.m */,
			);
			name = Categories;
			path = ../Categories;
			sourceTree = "<group>";
		};
		659411111353A61B00826837 /* Views */ = {
			isa = PBXGroup;
			children = (
				659410BD1353A36600826837 /* ProfileTabView.xib */,
				D41A6927189371BC0050831B /* iPhoneStoryboard.storyboard */,
				D41A692918937D8A0050831B /* ProfileCell.h */,
				D41A692A18937D8A0050831B /* ProfileCell.m */,
				659410BE1353A36600826837 /* ProfileTabView.m */,
				659410BF1353A36600826837 /* ProfileTabView.h */,
				D41A6924189367340050831B /* UIImage+Resize.h */,
				D41A6925189367340050831B /* UIImage+Resize.m */,
				D4BD204A1893ECC70024F02E /* MBProgressHUD.h */,
				D4BD204B1893ECC70024F02E /* MBProgressHUD.m */,
				659410C21353A39900826837 /* OAuthLoginView.xib */,
				659410C31353A39900826837 /* OAuthLoginView.m */,
				659410C41353A39900826837 /* OAuthLoginView.h */,
				659410E01353A39900826837 /* linkedInBluebutton.png */,
				659410E11353A39900826837 /* linkedInBluebutton-highlight.png */,
			);
			name = Views;
			sourceTree = "<group>";
		};
		659411121353A63E00826837 /* OAuth */ = {
			isa = PBXGroup;
			children = (
				659410C51353A39900826837 /* OAuthConsumer.h */,
				659410C61353A39900826837 /* OATokenManager.m */,
				659410C71353A39900826837 /* OATokenManager.h */,
				659410C81353A39900826837 /* OAToken.m */,
				659410C91353A39900826837 /* OAToken.h */,
				659410CA1353A39900826837 /* OASignatureProviding.h */,
				659410CB1353A39900826837 /* OAServiceTicket.m */,
				659410CC1353A39900826837 /* OAServiceTicket.h */,
				659410CD1353A39900826837 /* OARequestParameter.m */,
				659410CE1353A39900826837 /* OARequestParameter.h */,
				659410CF1353A39900826837 /* OAProblem.m */,
				659410D01353A39900826837 /* OAProblem.h */,
				659410D11353A39900826837 /* OAPlaintextSignatureProvider.m */,
				659410D21353A39900826837 /* OAPlaintextSignatureProvider.h */,
				659410D31353A39900826837 /* OAMutableURLRequest.m */,
				659410D41353A39900826837 /* OAMutableURLRequest.h */,
				659410D51353A39900826837 /* OAHMAC_SHA1SignatureProvider.m */,
				659410D61353A39900826837 /* OAHMAC_SHA1SignatureProvider.h */,
				659410D71353A39900826837 /* OADataFetcher.m */,
				659410D81353A39900826837 /* OADataFetcher.h */,
				659410D91353A39900826837 /* OAConsumer.m */,
				659410DA1353A39900826837 /* OAConsumer.h */,
				659410DB1353A39900826837 /* OACall.m */,
				659410DC1353A39900826837 /* OACall.h */,
				659410DD1353A39900826837 /* OAAttachment.m */,
				659410DE1353A39900826837 /* OAAttachment.h */,
				659410DF1353A39900826837 /* OAAtachmentF.h */,
			);
			name = OAuth;
			sourceTree = "<group>";
		};
		659411131353A64A00826837 /* JSON */ = {
			isa = PBXGroup;
			children = (
				659410E21353A39900826837 /* JSONKit.m */,
				659410E31353A39900826837 /* JSONKit.h */,
			);
			name = JSON;
			sourceTree = "<group>";
		};
		91BC21561893810D00D75B4E /* Data Model */ = {
			isa = PBXGroup;
			children = (
				91BC21571893812E00D75B4E /* BTIUser.h */,
				91BC21581893812E00D75B4E /* BTIUser.m */,
				91BC21591893812E00D75B4E /* BTIPresence.h */,
				91BC215A1893812E00D75B4E /* BTIPresence.m */,
			);
			name = "Data Model";
			sourceTree = "<group>";
		};
		D4A24DAA1893AD260055FFFB /* AFNetworking */ = {
			isa = PBXGroup;
			children = (
				D4A24DAB1893AD260055FFFB /* AFHTTPClient.h */,
				D4A24DAC1893AD260055FFFB /* AFHTTPClient.m */,
				D4A24DAD1893AD260055FFFB /* AFHTTPRequestOperation.h */,
				D4A24DAE1893AD260055FFFB /* AFHTTPRequestOperation.m */,
				D4A24DAF1893AD260055FFFB /* AFImageCache.h */,
				D4A24DB01893AD260055FFFB /* AFImageCache.m */,
				D4A24DB11893AD260055FFFB /* AFImageRequestOperation.h */,
				D4A24DB21893AD260055FFFB /* AFImageRequestOperation.m */,
				D4A24DB31893AD260055FFFB /* AFJSONRequestOperation.h */,
				D4A24DB41893AD260055FFFB /* AFJSONRequestOperation.m */,
				D4A24DB51893AD260055FFFB /* AFJSONUtilities.h */,
				D4A24DB61893AD260055FFFB /* AFNetworkActivityIndicatorManager.h */,
				D4A24DB71893AD260055FFFB /* AFNetworkActivityIndicatorManager.m */,
				D4A24DB81893AD260055FFFB /* AFNetworking.h */,
				D4A24DB91893AD260055FFFB /* AFPropertyListRequestOperation.h */,
				D4A24DBA1893AD260055FFFB /* AFPropertyListRequestOperation.m */,
				D4A24DBB1893AD260055FFFB /* AFURLConnectionOperation.h */,
				D4A24DBC1893AD260055FFFB /* AFURLConnectionOperation.m */,
				D4A24DBD1893AD260055FFFB /* AFXMLRequestOperation.h */,
				D4A24DBE1893AD260055FFFB /* AFXMLRequestOperation.m */,
				D4A24DBF1893AD260055FFFB /* UIImageView+AFNetworking.h */,
				D4A24DC01893AD260055FFFB /* UIImageView+AFNetworking.m */,
			);
			path = AFNetworking;
			sourceTree = "<group>";
		};
		D4AF0FA118938CC700E57C8A /* raw_assets */ = {
			isa = PBXGroup;
			children = (
				D4BD204D189448690024F02E /* top_blank_bar.png */,
				D4AF0FA218938CC700E57C8A /* connect_app_asset */,
				D4AF0FB718938CC700E57C8A /* connect_icon.png */,
				D4AF0FB818938CC700E57C8A /* screenshots */,
			);
			path = raw_assets;
			sourceTree = "<group>";
		};
		D4AF0FA218938CC700E57C8A /* connect_app_asset */ = {
			isa = PBXGroup;
			children = (
				D4AF0FA318938CC700E57C8A /* a_home_screen */,
				D4AF0FA918938CC700E57C8A /* b_sign_in_screen */,
				D4AF0FB118938CC700E57C8A /* c_list_view_screen */,
			);
			path = connect_app_asset;
			sourceTree = "<group>";
		};
		D4AF0FA318938CC700E57C8A /* a_home_screen */ = {
			isa = PBXGroup;
			children = (
				D4AF0FA418938CC700E57C8A /* home_background_image.png */,
				D4AF0FA518938CC700E57C8A /* border_profile.png */,
				D4AF0FA618938CC700E57C8A /* join_not_pressed.png */,
				D4AF0FA718938CC700E57C8A /* join_pressed.png */,
				D4AF0FA818938CC700E57C8A /* wifi_connect_bar.png */,
			);
			path = a_home_screen;
			sourceTree = "<group>";
		};
		D4AF0FA918938CC700E57C8A /* b_sign_in_screen */ = {
			isa = PBXGroup;
			children = (
				D4AF0FAA18938CC700E57C8A /* sign_in_backgroud_image.png */,
				D4AF0FAB18938CC700E57C8A /* image_button.png */,
				D4AF0FAC18938CC700E57C8A /* linked_in.png */,
				D4AF0FAD18938CC700E57C8A /* linkedin_button.png */,
				D4AF0FAE18938CC700E57C8A /* ok_button_not_pressed.png */,
				D4AF0FAF18938CC700E57C8A /* ok_button_pressed.png */,
				D4AF0FB018938CC700E57C8A /* welcome_bar.png */,
			);
			path = b_sign_in_screen;
			sourceTree = "<group>";
		};
		D4AF0FB118938CC700E57C8A /* c_list_view_screen */ = {
			isa = PBXGroup;
			children = (
				D4AF0FB218938CC700E57C8A /* action_bar.png */,
				D4AF0FB318938CC700E57C8A /* all_other_users.png */,
				D4AF0FB418938CC700E57C8A /* background.png */,
				D4AF0FB518938CC700E57C8A /* dividing_line.png */,
				D4AF0FB618938CC700E57C8A /* similar_users.png */,
			);
			path = c_list_view_screen;
			sourceTree = "<group>";
		};
		D4AF0FB818938CC700E57C8A /* screenshots */ = {
			isa = PBXGroup;
			children = (
				D4AF0FB918938CC700E57C8A /* connect_home.png */,
				D4AF0FBA18938CC700E57C8A /* connect_list.png */,
				D4AF0FBB18938CC700E57C8A /* connect_signin.png */,
			);
			path = screenshots;
			sourceTree = "<group>";
		};
/* End PBXGroup section */

/* Begin PBXNativeTarget section */
		6594109C1353A25700826837 /* OAuthStarterKit */ = {
			isa = PBXNativeTarget;
			buildConfigurationList = 659410B81353A25700826837 /* Build configuration list for PBXNativeTarget "OAuthStarterKit" */;
			buildPhases = (
				659410991353A25700826837 /* Sources */,
				6594109A1353A25700826837 /* Frameworks */,
				6594109B1353A25700826837 /* Resources */,
			);
			buildRules = (
			);
			dependencies = (
			);
			name = OAuthStarterKit;
			productName = OAuthStarterKit;
			productReference = 6594109D1353A25700826837 /* OAuthStarterKit.app */;
			productType = "com.apple.product-type.application";
		};
/* End PBXNativeTarget section */

/* Begin PBXProject section */
		659410941353A25700826837 /* Project object */ = {
			isa = PBXProject;
			attributes = {
				ORGANIZATIONNAME = self;
			};
			buildConfigurationList = 659410971353A25700826837 /* Build configuration list for PBXProject "OAuthStarterKit" */;
			compatibilityVersion = "Xcode 3.2";
			developmentRegion = English;
			hasScannedForEncodings = 0;
			knownRegions = (
				en,
			);
			mainGroup = 659410921353A25700826837;
			productRefGroup = 6594109E1353A25700826837 /* Products */;
			projectDirPath = "";
			projectRoot = "";
			targets = (
				6594109C1353A25700826837 /* OAuthStarterKit */,
			);
		};
/* End PBXProject section */

/* Begin PBXResourcesBuildPhase section */
		6594109B1353A25700826837 /* Resources */ = {
			isa = PBXResourcesBuildPhase;
			buildActionMask = 2147483647;
			files = (
				659410AC1353A25700826837 /* InfoPlist.strings in Resources */,
				D4AF0FC218938CC700E57C8A /* image_button.png in Resources */,
				D4AF0FC718938CC700E57C8A /* welcome_bar.png in Resources */,
				D4AF0FC818938CC700E57C8A /* action_bar.png in Resources */,
				D41A6923189356070050831B /* Default-568h@2x.png in Resources */,
				D41A6928189371BC0050831B /* iPhoneStoryboard.storyboard in Resources */,
				D4AF0FC418938CC700E57C8A /* linkedin_button.png in Resources */,
				659410B51353A25700826837 /* MainWindow.xib in Resources */,
				D4AF0FCF18938CC700E57C8A /* connect_list.png in Resources */,
				D4AF0FC118938CC700E57C8A /* sign_in_backgroud_image.png in Resources */,
				659410BC1353A29200826837 /* READ_ME.txt in Resources */,
				659410C01353A36600826837 /* ProfileTabView.xib in Resources */,
				659410E41353A39900826837 /* OAuthLoginView.xib in Resources */,
				659410F21353A39900826837 /* linkedInBluebutton.png in Resources */,
				D4AF0FCD18938CC700E57C8A /* connect_icon.png in Resources */,
				D4AF0FCC18938CC700E57C8A /* similar_users.png in Resources */,
				D4AF0FC018938CC700E57C8A /* wifi_connect_bar.png in Resources */,
				D4AF0FBF18938CC700E57C8A /* join_pressed.png in Resources */,
				D4AF0FBC18938CC700E57C8A /* home_background_image.png in Resources */,
				D4AF0FC318938CC700E57C8A /* linked_in.png in Resources */,
				D4AF0FCB18938CC700E57C8A /* dividing_line.png in Resources */,
				D4AF0FC618938CC700E57C8A /* ok_button_pressed.png in Resources */,
				659410F31353A39900826837 /* linkedInBluebutton-highlight.png in Resources */,
				D4AF0FCE18938CC700E57C8A /* connect_home.png in Resources */,
				D4AF0FC518938CC700E57C8A /* ok_button_not_pressed.png in Resources */,
				659411171353AE6800826837 /* Icon-72.png in Resources */,
				D4AF0FD018938CC700E57C8A /* connect_signin.png in Resources */,
				659411181353AE6800826837 /* Icon.png in Resources */,
				D4AF0FBE18938CC700E57C8A /* join_not_pressed.png in Resources */,
				659411191353AE6800826837 /* Icon@2x.png in Resources */,
				D4AF0FBD18938CC700E57C8A /* border_profile.png in Resources */,
				D4AF0FCA18938CC700E57C8A /* background.png in Resources */,
				D4BD204E189448690024F02E /* top_blank_bar.png in Resources */,
				D4AF0FC918938CC700E57C8A /* all_other_users.png in Resources */,
			);
			runOnlyForDeploymentPostprocessing = 0;
		};
/* End PBXResourcesBuildPhase section */

/* Begin PBXSourcesBuildPhase section */
		659410991353A25700826837 /* Sources */ = {
			isa = PBXSourcesBuildPhase;
			buildActionMask = 2147483647;
			files = (
				659410AF1353A25700826837 /* main.m in Sources */,
				659410B21353A25700826837 /* OAuthStarterKitAppDelegate.m in Sources */,
				659410C11353A36600826837 /* ProfileTabView.m in Sources */,
				659410E51353A39900826837 /* OAuthLoginView.m in Sources */,
				91BC215B1893812E00D75B4E /* BTIUser.m in Sources */,
				659410E61353A39900826837 /* OATokenManager.m in Sources */,
				659410E71353A39900826837 /* OAToken.m in Sources */,
				D4BD204C1893ECC70024F02E /* MBProgressHUD.m in Sources */,
				659410E81353A39900826837 /* OAServiceTicket.m in Sources */,
				D4A24DC21893AD260055FFFB /* AFHTTPRequestOperation.m in Sources */,
				659410E91353A39900826837 /* OARequestParameter.m in Sources */,
				659410EA1353A39900826837 /* OAProblem.m in Sources */,
				659410EB1353A39900826837 /* OAPlaintextSignatureProvider.m in Sources */,
				D4A24DCA1893AD260055FFFB /* UIImageView+AFNetworking.m in Sources */,
				659410EC1353A39900826837 /* OAMutableURLRequest.m in Sources */,
				659410ED1353A39900826837 /* OAHMAC_SHA1SignatureProvider.m in Sources */,
				D4A24DC81893AD260055FFFB /* AFURLConnectionOperation.m in Sources */,
				D4A24DC51893AD260055FFFB /* AFJSONRequestOperation.m in Sources */,
				659410EE1353A39900826837 /* OADataFetcher.m in Sources */,
				659410EF1353A39900826837 /* OAConsumer.m in Sources */,
				659410F01353A39900826837 /* OACall.m in Sources */,
				D4A24DC41893AD260055FFFB /* AFImageRequestOperation.m in Sources */,
				91BC215C1893812E00D75B4E /* BTIPresence.m in Sources */,
				659410F11353A39900826837 /* OAAttachment.m in Sources */,
				659410F41353A39900826837 /* JSONKit.m in Sources */,
				D4A24DC11893AD260055FFFB /* AFHTTPClient.m in Sources */,
				D41A6926189367340050831B /* UIImage+Resize.m in Sources */,
				D4A24DC71893AD260055FFFB /* AFPropertyListRequestOperation.m in Sources */,
				659411031353A41600826837 /* Base64Transcoder.c in Sources */,
				D41A692B18937D8A0050831B /* ProfileCell.m in Sources */,
				D4A24DC91893AD260055FFFB /* AFXMLRequestOperation.m in Sources */,
				D4A24DC61893AD260055FFFB /* AFNetworkActivityIndicatorManager.m in Sources */,
				659411041353A41600826837 /* hmac.c in Sources */,
				659411051353A41600826837 /* sha1.c in Sources */,
				659411061353A41600826837 /* NSMutableURLRequest+Parameters.m in Sources */,
				659411071353A41600826837 /* NSString+URLEncoding.m in Sources */,
				659411081353A41600826837 /* NSURL+Base.m in Sources */,
				D4A24DC31893AD260055FFFB /* AFImageCache.m in Sources */,
			);
			runOnlyForDeploymentPostprocessing = 0;
		};
/* End PBXSourcesBuildPhase section */

/* Begin PBXVariantGroup section */
		659410AA1353A25700826837 /* InfoPlist.strings */ = {
			isa = PBXVariantGroup;
			children = (
				659410AB1353A25700826837 /* en */,
			);
			name = InfoPlist.strings;
			sourceTree = "<group>";
		};
		659410B31353A25700826837 /* MainWindow.xib */ = {
			isa = PBXVariantGroup;
			children = (
				659410B41353A25700826837 /* en */,
			);
			name = MainWindow.xib;
			sourceTree = "<group>";
		};
/* End PBXVariantGroup section */

/* Begin XCBuildConfiguration section */
		659410B61353A25700826837 /* Debug */ = {
			isa = XCBuildConfiguration;
			buildSettings = {
				ARCHS = "$(ARCHS_STANDARD_32_BIT)";
				"CODE_SIGN_IDENTITY[sdk=iphoneos*]" = "iPhone Developer";
				GCC_C_LANGUAGE_STANDARD = gnu99;
				GCC_OPTIMIZATION_LEVEL = 0;
				GCC_PREPROCESSOR_DEFINITIONS = DEBUG;
				GCC_SYMBOLS_PRIVATE_EXTERN = NO;
				GCC_VERSION = com.apple.compilers.llvmgcc42;
				GCC_WARN_ABOUT_RETURN_TYPE = YES;
				GCC_WARN_UNUSED_VARIABLE = YES;
				IPHONEOS_DEPLOYMENT_TARGET = 4.3;
				SDKROOT = iphoneos;
			};
			name = Debug;
		};
		659410B71353A25700826837 /* Release */ = {
			isa = XCBuildConfiguration;
			buildSettings = {
				ARCHS = "$(ARCHS_STANDARD_32_BIT)";
				"CODE_SIGN_IDENTITY[sdk=iphoneos*]" = "iPhone Developer";
				GCC_C_LANGUAGE_STANDARD = gnu99;
				GCC_VERSION = com.apple.compilers.llvmgcc42;
				GCC_WARN_ABOUT_RETURN_TYPE = YES;
				GCC_WARN_UNUSED_VARIABLE = YES;
				IPHONEOS_DEPLOYMENT_TARGET = 4.3;
				OTHER_CFLAGS = "-DNS_BLOCK_ASSERTIONS=1";
				SDKROOT = iphoneos;
			};
			name = Release;
		};
		659410B91353A25700826837 /* Debug */ = {
			isa = XCBuildConfiguration;
			buildSettings = {
				ALWAYS_SEARCH_USER_PATHS = NO;
				CLANG_ENABLE_OBJC_ARC = YES;
				COPY_PHASE_STRIP = NO;
				FRAMEWORK_SEARCH_PATHS = (
					"$(inherited)",
					/Users/spinosa/code/Connect,
					"/Users/paulwong/Desktop/LinkedIn-OAuth-Sample-Client-master",
				);
				GCC_DYNAMIC_NO_PIC = NO;
				GCC_PRECOMPILE_PREFIX_HEADER = YES;
				GCC_PREFIX_HEADER = "OAuthStarterKit/OAuthStarterKit-Prefix.pch";
				GCC_VERSION = "";
				INFOPLIST_FILE = "OAuthStarterKit/OAuthStarterKit-Info.plist";
				IPHONEOS_DEPLOYMENT_TARGET = 7.0;
				PRODUCT_NAME = "$(TARGET_NAME)";
				WRAPPER_EXTENSION = app;
			};
			name = Debug;
		};
		659410BA1353A25700826837 /* Release */ = {
			isa = XCBuildConfiguration;
			buildSettings = {
				ALWAYS_SEARCH_USER_PATHS = NO;
				CLANG_ENABLE_OBJC_ARC = YES;
				COPY_PHASE_STRIP = YES;
				FRAMEWORK_SEARCH_PATHS = (
					"$(inherited)",
					/Users/spinosa/code/Connect,
					"/Users/paulwong/Desktop/LinkedIn-OAuth-Sample-Client-master",
				);
				GCC_PRECOMPILE_PREFIX_HEADER = YES;
				GCC_PREFIX_HEADER = "OAuthStarterKit/OAuthStarterKit-Prefix.pch";
				GCC_VERSION = "";
				INFOPLIST_FILE = "OAuthStarterKit/OAuthStarterKit-Info.plist";
				IPHONEOS_DEPLOYMENT_TARGET = 7.0;
				PRODUCT_NAME = "$(TARGET_NAME)";
				VALIDATE_PRODUCT = YES;
				WRAPPER_EXTENSION = app;
			};
			name = Release;
		};
/* End XCBuildConfiguration section */

/* Begin XCConfigurationList section */
		659410971353A25700826837 /* Build configuration list for PBXProject "OAuthStarterKit" */ = {
			isa = XCConfigurationList;
			buildConfigurations = (
				659410B61353A25700826837 /* Debug */,
				659410B71353A25700826837 /* Release */,
			);
			defaultConfigurationIsVisible = 0;
			defaultConfigurationName = Release;
		};
		659410B81353A25700826837 /* Build configuration list for PBXNativeTarget "OAuthStarterKit" */ = {
			isa = XCConfigurationList;
			buildConfigurations = (
				659410B91353A25700826837 /* Debug */,
				659410BA1353A25700826837 /* Release */,
			);
			defaultConfigurationIsVisible = 0;
			defaultConfigurationName = Release;
		};
/* End XCConfigurationList section */
	};
	rootObject = 659410941353A25700826837 /* Project object */;
}
